
Microsoft Visual Studio Solution File, Format Version 12.00
# Visual Studio Version 17
VisualStudioVersion = 17.14.36717.8 d17.14
MinimumVisualStudioVersion = 10.0.40219.1
Project("{2150E333-8FDC-42A3-9474-1A3956D46DE8}") = "Task0", "Task0", "{02EA681E-C7D8-13C7-8484-4AC65E1B71E8}"
EndProject
Project("{FAE04EC0-301F-11D3-BF4B-00C04F79EFBC}") = "Tyuiu.MatveevaAA.Sprint5.Task0.V21", "Tyuiu.MatveevaAA.Sprint5.Task0.V21\Tyuiu.MatveevaAA.Sprint5.Task0.V21.csproj", "{2DC8D6FF-3E7C-43D5-89F0-A412997DB0C8}"
EndProject
Project("{FAE04EC0-301F-11D3-BF4B-00C04F79EFBC}") = "Tyuiu.MatveevaAA.Sprint5.Task0.V21.Test", "Tyuiu.MatveevaAA.Sprint5.Task0.V21.Test\Tyuiu.MatveevaAA.Sprint5.Task0.V21.Test.csproj", "{C4911189-631F-4662-A996-E08D994608A9}"
EndProject
Project("{FAE04EC0-301F-11D3-BF4B-00C04F79EFBC}") = "Tyuiu.MatveevaAA.Sprint5.Task0.V21.Lib", "Tyuiu.MatveevaAA.Sprint5.Task0.V21.Lib\Tyuiu.MatveevaAA.Sprint5.Task0.V21.Lib.csproj", "{6BA5DA9D-AD58-45FA-AFFA-397F70D920FC}"
EndProject
Project("{2150E333-8FDC-42A3-9474-1A3956D46DE8}") = "Task1", "Task1", "{CB4B3B6C-7D1C-4A58-8832-CB9A2792563D}"
EndProject
Project("{FAE04EC0-301F-11D3-BF4B-00C04F79EFBC}") = "Tyuiu.MatveevaAA.Sprint5.Task1.V13", "Tyuiu.MatveevaAA.Sprint5.Task1.V13\Tyuiu.MatveevaAA.Sprint5.Task1.V13.csproj", "{99A6A28D-D4D0-41FA-A945-5D0C7D742674}"
EndProject
Project("{FAE04EC0-301F-11D3-BF4B-00C04F79EFBC}") = "Tyuiu.MatveevaAA.Sprint5.Task1.V13.Test", "Tyuiu.MatveevaAA.Sprint5.Task1.V13.Test\Tyuiu.MatveevaAA.Sprint5.Task1.V13.Test.csproj", "{E0FC3D1B-EAC3-4DF0-A070-B773DCFD512A}"
EndProject
Project("{FAE04EC0-301F-11D3-BF4B-00C04F79EFBC}") = "Tyuiu.MatveevaAA.Sprint5.Task1.V13.Lib", "Tyuiu.MatveevaAA.Sprint5.Task1.V13.Lib\Tyuiu.MatveevaAA.Sprint5.Task1.V13.Lib.csproj", "{8AFF721D-776F-4B0E-8B1B-8653434240BD}"
EndProject
Global
	GlobalSection(SolutionConfigurationPlatforms) = preSolution
		Debug|Any CPU = Debug|Any CPU
		Release|Any CPU = Release|Any CPU
	EndGlobalSection
	GlobalSection(ProjectConfigurationPlatforms) = postSolution
		{2DC8D6FF-3E7C-43D5-89F0-A412997DB0C8}.Debug|Any CPU.ActiveCfg = Debug|Any CPU
		{2DC8D6FF-3E7C-43D5-89F0-A412997DB0C8}.Debug|Any CPU.Build.0 = Debug|Any CPU
		{2DC8D6FF-3E7C-43D5-89F0-A412997DB0C8}.Release|Any CPU.ActiveCfg = Release|Any CPU
		{2DC8D6FF-3E7C-43D5-89F0-A412997DB0C8}.Release|Any CPU.Build.0 = Release|Any CPU
		{C4911189-631F-4662-A996-E08D994608A9}.Debug|Any CPU.ActiveCfg = Debug|Any CPU
		{C4911189-631F-4662-A996-E08D994608A9}.Debug|Any CPU.Build.0 = Debug|Any CPU
		{C4911189-631F-4662-A996-E08D994608A9}.Release|Any CPU.ActiveCfg = Release|Any CPU
		{C4911189-631F-4662-A996-E08D994608A9}.Release|Any CPU.Build.0 = Release|Any CPU
		{6BA5DA9D-AD58-45FA-AFFA-397F70D920FC}.Debug|Any CPU.ActiveCfg = Debug|Any CPU
		{6BA5DA9D-AD58-45FA-AFFA-397F70D920FC}.Debug|Any CPU.Build.0 = Debug|Any CPU
		{6BA5DA9D-AD58-45FA-AFFA-397F70D920FC}.Release|Any CPU.ActiveCfg = Release|Any CPU
		{6BA5DA9D-AD58-45FA-AFFA-397F70D920FC}.Release|Any CPU.Build.0 = Release|Any CPU
		{99A6A28D-D4D0-41FA-A945-5D0C7D742674}.Debug|Any CPU.ActiveCfg = Debug|Any CPU
		{99A6A28D-D4D0-41FA-A945-5D0C7D742674}.Debug|Any CPU.Build.0 = Debug|Any CPU
		{99A6A28D-D4D0-41FA-A945-5D0C7D742674}.Release|Any CPU.ActiveCfg = Release|Any CPU
		{99A6A28D-D4D0-41FA-A945-5D0C7D742674}.Release|Any CPU.Build.0 = Release|Any CPU
		{E0FC3D1B-EAC3-4DF0-A070-B773DCFD512A}.Debug|Any CPU.ActiveCfg = Debug|Any CPU
		{E0FC3D1B-EAC3-4DF0-A070-B773DCFD512A}.Debug|Any CPU.Build.0 = Debug|Any CPU
		{E0FC3D1B-EAC3-4DF0-A070-B773DCFD512A}.Release|Any CPU.ActiveCfg = Release|Any CPU
		{E0FC3D1B-EAC3-4DF0-A070-B773DCFD512A}.Release|Any CPU.Build.0 = Release|Any CPU
		{8AFF721D-776F-4B0E-8B1B-8653434240BD}.Debug|Any CPU.ActiveCfg = Debug|Any CPU
		{8AFF721D-776F-4B0E-8B1B-8653434240BD}.Debug|Any CPU.Build.0 = Debug|Any CPU
		{8AFF721D-776F-4B0E-8B1B-8653434240BD}.Release|Any CPU.ActiveCfg = Release|Any CPU
		{8AFF721D-776F-4B0E-8B1B-8653434240BD}.Release|Any CPU.Build.0 = Release|Any CPU
	EndGlobalSection
	GlobalSection(SolutionProperties) = preSolution
		HideSolutionNode = FALSE
	EndGlobalSection
	GlobalSection(NestedProjects) = preSolution
		{2DC8D6FF-3E7C-43D5-89F0-A412997DB0C8} = {02EA681E-C7D8-13C7-8484-4AC65E1B71E8}
		{C4911189-631F-4662-A996-E08D994608A9} = {02EA681E-C7D8-13C7-8484-4AC65E1B71E8}
		{6BA5DA9D-AD58-45FA-AFFA-397F70D920FC} = {02EA681E-C7D8-13C7-8484-4AC65E1B71E8}
		{99A6A28D-D4D0-41FA-A945-5D0C7D742674} = {CB4B3B6C-7D1C-4A58-8832-CB9A2792563D}
		{E0FC3D1B-EAC3-4DF0-A070-B773DCFD512A} = {CB4B3B6C-7D1C-4A58-8832-CB9A2792563D}
		{8AFF721D-776F-4B0E-8B1B-8653434240BD} = {CB4B3B6C-7D1C-4A58-8832-CB9A2792563D}
	EndGlobalSection
	GlobalSection(ExtensibilityGlobals) = postSolution
		SolutionGuid = {AD6858D0-2F16-4FBD-8FC0-AE72622FB2F0}
	EndGlobalSection
EndGlobal
