
Microsoft Visual Studio Solution File, Format Version 12.00
# Visual Studio Version 17
VisualStudioVersion = 17.14.36717.8 d17.14
MinimumVisualStudioVersion = 10.0.40219.1
Project("{2150E333-8FDC-42A3-9474-1A3956D46DE8}") = "Task0", "Task0", "{02EA681E-C7D8-13C7-8484-4AC65E1B71E8}"
EndProject
Project("{FAE04EC0-301F-11D3-BF4B-00C04F79EFBC}") = "Tyuiu.MatveevaAA.Sprint5.Task0.V21", "Tyuiu.MatveevaAA.Sprint5.Task0.V21\Tyuiu.MatveevaAA.Sprint5.Task0.V21.csproj", "{2DC8D6FF-3E7C-43D5-89F0-A412997DB0C8}"
EndProject
Project("{FAE04EC0-301F-11D3-BF4B-00C04F79EFBC}") = "Tyuiu.MatveevaAA.Sprint5.Task0.V21.Test", "Tyuiu.MatveevaAA.Sprint5.Task0.V21.Test\Tyuiu.MatveevaAA.Sprint5.Task0.V21.Test.csproj", "{C4911189-631F-4662-A996-E08D994608A9}"
EndProject
Project("{FAE04EC0-301F-11D3-BF4B-00C04F79EFBC}") = "Tyuiu.MatveevaAA.Sprint5.Task0.V21.Lib", "Tyuiu.MatveevaAA.Sprint5.Task0.V21.Lib\Tyuiu.MatveevaAA.Sprint5.Task0.V21.Lib.csproj", "{6BA5DA9D-AD58-45FA-AFFA-397F70D920FC}"
EndProject
Project("{2150E333-8FDC-42A3-9474-1A3956D46DE8}") = "Task1", "Task1", "{CB4B3B6C-7D1C-4A58-8832-CB9A2792563D}"
EndProject
Project("{FAE04EC0-301F-11D3-BF4B-00C04F79EFBC}") = "Tyuiu.MatveevaAA.Sprint5.Task1.V13", "Tyuiu.MatveevaAA.Sprint5.Task1.V13\Tyuiu.MatveevaAA.Sprint5.Task1.V13.csproj", "{99A6A28D-D4D0-41FA-A945-5D0C7D742674}"
EndProject
Project("{FAE04EC0-301F-11D3-BF4B-00C04F79EFBC}") = "Tyuiu.MatveevaAA.Sprint5.Task1.V13.Test", "Tyuiu.MatveevaAA.Sprint5.Task1.V13.Test\Tyuiu.MatveevaAA.Sprint5.Task1.V13.Test.csproj", "{E0FC3D1B-EAC3-4DF0-A070-B773DCFD512A}"
EndProject
Project("{FAE04EC0-301F-11D3-BF4B-00C04F79EFBC}") = "Tyuiu.MatveevaAA.Sprint5.Task1.V13.Lib", "Tyuiu.MatveevaAA.Sprint5.Task1.V13.Lib\Tyuiu.MatveevaAA.Sprint5.Task1.V13.Lib.csproj", "{8AFF721D-776F-4B0E-8B1B-8653434240BD}"
EndProject
Project("{2150E333-8FDC-42A3-9474-1A3956D46DE8}") = "Task2", "Task2", "{98FC479E-EBB7-4F13-AB5E-05D5409A6263}"
EndProject
Project("{FAE04EC0-301F-11D3-BF4B-00C04F79EFBC}") = "Tyuiu.MatveevaAA.Sprint5.Task2.V20", "Tyuiu.MatveevaAA.Sprint5.Task2.V20\Tyuiu.MatveevaAA.Sprint5.Task2.V20.csproj", "{5413ABD5-3304-4242-9205-752DA9A99B17}"
EndProject
Project("{FAE04EC0-301F-11D3-BF4B-00C04F79EFBC}") = "Tyuiu.MatveevaAA.Sprint5.Task2.V20.Lib", "Tyuiu.MatveevaAA.Sprint5.Task2.V20.Lib\Tyuiu.MatveevaAA.Sprint5.Task2.V20.Lib.csproj", "{C306C227-4692-4C57-B6C8-3AC98B805F8B}"
EndProject
Project("{FAE04EC0-301F-11D3-BF4B-00C04F79EFBC}") = "Tyuiu.MatveevaAA.Sprint5.Task2.V20.Test", "Tyuiu.MatveevaAA.Sprint5.Task2.V20.Test\Tyuiu.MatveevaAA.Sprint5.Task2.V20.Test.csproj", "{96D84A1C-8BE1-4C8E-B54A-A249AF52F782}"
EndProject
Project("{2150E333-8FDC-42A3-9474-1A3956D46DE8}") = "Task3", "Task3", "{BED90389-CB29-4850-B0C9-0155B91D7C47}"
EndProject
Project("{FAE04EC0-301F-11D3-BF4B-00C04F79EFBC}") = "Tyuiu.MatveevaAA.Sprint5.Task3.V7", "Tyuiu.MatveevaAA.Sprint5.Task3.V7\Tyuiu.MatveevaAA.Sprint5.Task3.V7.csproj", "{DFE290C6-7D67-41F5-A5A1-89C5562F7385}"
EndProject
Project("{FAE04EC0-301F-11D3-BF4B-00C04F79EFBC}") = "Tyuiu.MatveevaAA.Sprint5.Task3.V7.Lib", "Tyuiu.MatveevaAA.Sprint5.Task3.V7.Lib\Tyuiu.MatveevaAA.Sprint5.Task3.V7.Lib.csproj", "{D9AA0DE9-E246-4EFD-8365-8F16E612EE5B}"
EndProject
Project("{FAE04EC0-301F-11D3-BF4B-00C04F79EFBC}") = "Tyuiu.MatveevaAA.Sprint5.Task3.V7.Test", "Tyuiu.MatveevaAA.Sprint5.Task3.V7.Test\Tyuiu.MatveevaAA.Sprint5.Task3.V7.Test.csproj", "{8B36BC00-60C8-4E4E-8CF3-F2C8E643E01A}"
EndProject
Project("{2150E333-8FDC-42A3-9474-1A3956D46DE8}") = "Task4", "Task4", "{C6AFF508-A296-4AE3-AB0F-CDBD13E0269E}"
EndProject
Project("{FAE04EC0-301F-11D3-BF4B-00C04F79EFBC}") = "Tyuiu.MatveevaAA.Sprint5.Task4.V10", "Tyuiu.MatveevaAA.Sprint5.Task4.V10\Tyuiu.MatveevaAA.Sprint5.Task4.V10.csproj", "{10D3F470-D2A7-4660-9964-F4BBD1A4697C}"
EndProject
Project("{FAE04EC0-301F-11D3-BF4B-00C04F79EFBC}") = "Tyuiu.MatveevaAA.Sprint5.Task4.V10.Lib", "Tyuiu.MatveevaAA.Sprint5.Task4.V10.Lib\Tyuiu.MatveevaAA.Sprint5.Task4.V10.Lib.csproj", "{FDAE4E2F-A295-4E2D-9378-3FD7AB4ADE42}"
EndProject
Project("{FAE04EC0-301F-11D3-BF4B-00C04F79EFBC}") = "Tyuiu.MatveevaAA.Sprint5.Task4.V10.Test", "Tyuiu.MatveevaAA.Sprint5.Task4.V10.Test\Tyuiu.MatveevaAA.Sprint5.Task4.V10.Test.csproj", "{4B944B7B-6016-45C6-A977-DDEB23BC4612}"
EndProject
Project("{2150E333-8FDC-42A3-9474-1A3956D46DE8}") = "Task5", "Task5", "{D3D0C8A9-6286-4F09-BC13-38516575166C}"
EndProject
Project("{FAE04EC0-301F-11D3-BF4B-00C04F79EFBC}") = "Tyuiu.MatveevaAA.Sprint5.Task5.V7", "Tyuiu.MatveevaAA.Sprint5.Task5.V7\Tyuiu.MatveevaAA.Sprint5.Task5.V7.csproj", "{6F098EA1-06B2-43B9-89D7-B7E31DBBDAF7}"
EndProject
Project("{FAE04EC0-301F-11D3-BF4B-00C04F79EFBC}") = "Tyuiu.MatveevaAA.Sprint5.Task5.V7.Test", "Tyuiu.MatveevaAA.Sprint5.Task5.V7.Test\Tyuiu.MatveevaAA.Sprint5.Task5.V7.Test.csproj", "{6ACA281E-7A83-40D2-8BA2-C7F110E12266}"
EndProject
Project("{FAE04EC0-301F-11D3-BF4B-00C04F79EFBC}") = "Tyuiu.MatveevaAA.Sprint5.Task5.V7.Lib", "Tyuiu.MatveevaAA.Sprint5.Task5.V7.Lib\Tyuiu.MatveevaAA.Sprint5.Task5.V7.Lib.csproj", "{80608E72-3B79-4C07-9F59-F12397F36FE4}"
EndProject
Project("{2150E333-8FDC-42A3-9474-1A3956D46DE8}") = "Task6", "Task6", "{934BC639-629D-4A3F-BAAC-DE30800CEBC6}"
EndProject
Project("{FAE04EC0-301F-11D3-BF4B-00C04F79EFBC}") = "Tyuiu.MatveevaAA.Sprint5.Task6.V3", "Tyuiu.MatveevaAA.Sprint5.Task6.V3\Tyuiu.MatveevaAA.Sprint5.Task6.V3.csproj", "{57839331-1FA3-48AF-998D-1CA50038CE28}"
EndProject
Project("{FAE04EC0-301F-11D3-BF4B-00C04F79EFBC}") = "Tyuiu.MatveevaAA.Sprint5.Task6.V3.Lib", "Tyuiu.MatveevaAA.Sprint5.Task6.V3.Lib\Tyuiu.MatveevaAA.Sprint5.Task6.V3.Lib.csproj", "{EDA0BFA3-DEF9-479F-A10D-F381C0398A7A}"
EndProject
Project("{FAE04EC0-301F-11D3-BF4B-00C04F79EFBC}") = "Tyuiu.MatveevaAA.Sprint5.Task6.V3.Test", "Tyuiu.MatveevaAA.Sprint5.Task6.V3.Test\Tyuiu.MatveevaAA.Sprint5.Task6.V3.Test.csproj", "{62BE2573-957A-4E41-9071-A879D0A49099}"
EndProject
Global
	GlobalSection(SolutionConfigurationPlatforms) = preSolution
		Debug|Any CPU = Debug|Any CPU
		Release|Any CPU = Release|Any CPU
	EndGlobalSection
	GlobalSection(ProjectConfigurationPlatforms) = postSolution
		{2DC8D6FF-3E7C-43D5-89F0-A412997DB0C8}.Debug|Any CPU.ActiveCfg = Debug|Any CPU
		{2DC8D6FF-3E7C-43D5-89F0-A412997DB0C8}.Debug|Any CPU.Build.0 = Debug|Any CPU
		{2DC8D6FF-3E7C-43D5-89F0-A412997DB0C8}.Release|Any CPU.ActiveCfg = Release|Any CPU
		{2DC8D6FF-3E7C-43D5-89F0-A412997DB0C8}.Release|Any CPU.Build.0 = Release|Any CPU
		{C4911189-631F-4662-A996-E08D994608A9}.Debug|Any CPU.ActiveCfg = Debug|Any CPU
		{C4911189-631F-4662-A996-E08D994608A9}.Debug|Any CPU.Build.0 = Debug|Any CPU
		{C4911189-631F-4662-A996-E08D994608A9}.Release|Any CPU.ActiveCfg = Release|Any CPU
		{C4911189-631F-4662-A996-E08D994608A9}.Release|Any CPU.Build.0 = Release|Any CPU
		{6BA5DA9D-AD58-45FA-AFFA-397F70D920FC}.Debug|Any CPU.ActiveCfg = Debug|Any CPU
		{6BA5DA9D-AD58-45FA-AFFA-397F70D920FC}.Debug|Any CPU.Build.0 = Debug|Any CPU
		{6BA5DA9D-AD58-45FA-AFFA-397F70D920FC}.Release|Any CPU.ActiveCfg = Release|Any CPU
		{6BA5DA9D-AD58-45FA-AFFA-397F70D920FC}.Release|Any CPU.Build.0 = Release|Any CPU
		{99A6A28D-D4D0-41FA-A945-5D0C7D742674}.Debug|Any CPU.ActiveCfg = Debug|Any CPU
		{99A6A28D-D4D0-41FA-A945-5D0C7D742674}.Debug|Any CPU.Build.0 = Debug|Any CPU
		{99A6A28D-D4D0-41FA-A945-5D0C7D742674}.Release|Any CPU.ActiveCfg = Release|Any CPU
		{99A6A28D-D4D0-41FA-A945-5D0C7D742674}.Release|Any CPU.Build.0 = Release|Any CPU
		{E0FC3D1B-EAC3-4DF0-A070-B773DCFD512A}.Debug|Any CPU.ActiveCfg = Debug|Any CPU
		{E0FC3D1B-EAC3-4DF0-A070-B773DCFD512A}.Debug|Any CPU.Build.0 = Debug|Any CPU
		{E0FC3D1B-EAC3-4DF0-A070-B773DCFD512A}.Release|Any CPU.ActiveCfg = Release|Any CPU
		{E0FC3D1B-EAC3-4DF0-A070-B773DCFD512A}.Release|Any CPU.Build.0 = Release|Any CPU
		{8AFF721D-776F-4B0E-8B1B-8653434240BD}.Debug|Any CPU.ActiveCfg = Debug|Any CPU
		{8AFF721D-776F-4B0E-8B1B-8653434240BD}.Debug|Any CPU.Build.0 = Debug|Any CPU
		{8AFF721D-776F-4B0E-8B1B-8653434240BD}.Release|Any CPU.ActiveCfg = Release|Any CPU
		{8AFF721D-776F-4B0E-8B1B-8653434240BD}.Release|Any CPU.Build.0 = Release|Any CPU
		{5413ABD5-3304-4242-9205-752DA9A99B17}.Debug|Any CPU.ActiveCfg = Debug|Any CPU
		{5413ABD5-3304-4242-9205-752DA9A99B17}.Debug|Any CPU.Build.0 = Debug|Any CPU
		{5413ABD5-3304-4242-9205-752DA9A99B17}.Release|Any CPU.ActiveCfg = Release|Any CPU
		{5413ABD5-3304-4242-9205-752DA9A99B17}.Release|Any CPU.Build.0 = Release|Any CPU
		{C306C227-4692-4C57-B6C8-3AC98B805F8B}.Debug|Any CPU.ActiveCfg = Debug|Any CPU
		{C306C227-4692-4C57-B6C8-3AC98B805F8B}.Debug|Any CPU.Build.0 = Debug|Any CPU
		{C306C227-4692-4C57-B6C8-3AC98B805F8B}.Release|Any CPU.ActiveCfg = Release|Any CPU
		{C306C227-4692-4C57-B6C8-3AC98B805F8B}.Release|Any CPU.Build.0 = Release|Any CPU
		{96D84A1C-8BE1-4C8E-B54A-A249AF52F782}.Debug|Any CPU.ActiveCfg = Debug|Any CPU
		{96D84A1C-8BE1-4C8E-B54A-A249AF52F782}.Debug|Any CPU.Build.0 = Debug|Any CPU
		{96D84A1C-8BE1-4C8E-B54A-A249AF52F782}.Release|Any CPU.ActiveCfg = Release|Any CPU
		{96D84A1C-8BE1-4C8E-B54A-A249AF52F782}.Release|Any CPU.Build.0 = Release|Any CPU
		{DFE290C6-7D67-41F5-A5A1-89C5562F7385}.Debug|Any CPU.ActiveCfg = Debug|Any CPU
		{DFE290C6-7D67-41F5-A5A1-89C5562F7385}.Debug|Any CPU.Build.0 = Debug|Any CPU
		{DFE290C6-7D67-41F5-A5A1-89C5562F7385}.Release|Any CPU.ActiveCfg = Release|Any CPU
		{DFE290C6-7D67-41F5-A5A1-89C5562F7385}.Release|Any CPU.Build.0 = Release|Any CPU
		{D9AA0DE9-E246-4EFD-8365-8F16E612EE5B}.Debug|Any CPU.ActiveCfg = Debug|Any CPU
		{D9AA0DE9-E246-4EFD-8365-8F16E612EE5B}.Debug|Any CPU.Build.0 = Debug|Any CPU
		{D9AA0DE9-E246-4EFD-8365-8F16E612EE5B}.Release|Any CPU.ActiveCfg = Release|Any CPU
		{D9AA0DE9-E246-4EFD-8365-8F16E612EE5B}.Release|Any CPU.Build.0 = Release|Any CPU
		{8B36BC00-60C8-4E4E-8CF3-F2C8E643E01A}.Debug|Any CPU.ActiveCfg = Debug|Any CPU
		{8B36BC00-60C8-4E4E-8CF3-F2C8E643E01A}.Debug|Any CPU.Build.0 = Debug|Any CPU
		{8B36BC00-60C8-4E4E-8CF3-F2C8E643E01A}.Release|Any CPU.ActiveCfg = Release|Any CPU
		{8B36BC00-60C8-4E4E-8CF3-F2C8E643E01A}.Release|Any CPU.Build.0 = Release|Any CPU
		{10D3F470-D2A7-4660-9964-F4BBD1A4697C}.Debug|Any CPU.ActiveCfg = Debug|Any CPU
		{10D3F470-D2A7-4660-9964-F4BBD1A4697C}.Debug|Any CPU.Build.0 = Debug|Any CPU
		{10D3F470-D2A7-4660-9964-F4BBD1A4697C}.Release|Any CPU.ActiveCfg = Release|Any CPU
		{10D3F470-D2A7-4660-9964-F4BBD1A4697C}.Release|Any CPU.Build.0 = Release|Any CPU
		{FDAE4E2F-A295-4E2D-9378-3FD7AB4ADE42}.Debug|Any CPU.ActiveCfg = Debug|Any CPU
		{FDAE4E2F-A295-4E2D-9378-3FD7AB4ADE42}.Debug|Any CPU.Build.0 = Debug|Any CPU
		{FDAE4E2F-A295-4E2D-9378-3FD7AB4ADE42}.Release|Any CPU.ActiveCfg = Release|Any CPU
		{FDAE4E2F-A295-4E2D-9378-3FD7AB4ADE42}.Release|Any CPU.Build.0 = Release|Any CPU
		{4B944B7B-6016-45C6-A977-DDEB23BC4612}.Debug|Any CPU.ActiveCfg = Debug|Any CPU
		{4B944B7B-6016-45C6-A977-DDEB23BC4612}.Debug|Any CPU.Build.0 = Debug|Any CPU
		{4B944B7B-6016-45C6-A977-DDEB23BC4612}.Release|Any CPU.ActiveCfg = Release|Any CPU
		{4B944B7B-6016-45C6-A977-DDEB23BC4612}.Release|Any CPU.Build.0 = Release|Any CPU
		{6F098EA1-06B2-43B9-89D7-B7E31DBBDAF7}.Debug|Any CPU.ActiveCfg = Debug|Any CPU
		{6F098EA1-06B2-43B9-89D7-B7E31DBBDAF7}.Debug|Any CPU.Build.0 = Debug|Any CPU
		{6F098EA1-06B2-43B9-89D7-B7E31DBBDAF7}.Release|Any CPU.ActiveCfg = Release|Any CPU
		{6F098EA1-06B2-43B9-89D7-B7E31DBBDAF7}.Release|Any CPU.Build.0 = Release|Any CPU
		{6ACA281E-7A83-40D2-8BA2-C7F110E12266}.Debug|Any CPU.ActiveCfg = Debug|Any CPU
		{6ACA281E-7A83-40D2-8BA2-C7F110E12266}.Debug|Any CPU.Build.0 = Debug|Any CPU
		{6ACA281E-7A83-40D2-8BA2-C7F110E12266}.Release|Any CPU.ActiveCfg = Release|Any CPU
		{6ACA281E-7A83-40D2-8BA2-C7F110E12266}.Release|Any CPU.Build.0 = Release|Any CPU
		{80608E72-3B79-4C07-9F59-F12397F36FE4}.Debug|Any CPU.ActiveCfg = Debug|Any CPU
		{80608E72-3B79-4C07-9F59-F12397F36FE4}.Debug|Any CPU.Build.0 = Debug|Any CPU
		{80608E72-3B79-4C07-9F59-F12397F36FE4}.Release|Any CPU.ActiveCfg = Release|Any CPU
		{80608E72-3B79-4C07-9F59-F12397F36FE4}.Release|Any CPU.Build.0 = Release|Any CPU
		{57839331-1FA3-48AF-998D-1CA50038CE28}.Debug|Any CPU.ActiveCfg = Debug|Any CPU
		{57839331-1FA3-48AF-998D-1CA50038CE28}.Debug|Any CPU.Build.0 = Debug|Any CPU
		{57839331-1FA3-48AF-998D-1CA50038CE28}.Release|Any CPU.ActiveCfg = Release|Any CPU
		{57839331-1FA3-48AF-998D-1CA50038CE28}.Release|Any CPU.Build.0 = Release|Any CPU
		{EDA0BFA3-DEF9-479F-A10D-F381C0398A7A}.Debug|Any CPU.ActiveCfg = Debug|Any CPU
		{EDA0BFA3-DEF9-479F-A10D-F381C0398A7A}.Debug|Any CPU.Build.0 = Debug|Any CPU
		{EDA0BFA3-DEF9-479F-A10D-F381C0398A7A}.Release|Any CPU.ActiveCfg = Release|Any CPU
		{EDA0BFA3-DEF9-479F-A10D-F381C0398A7A}.Release|Any CPU.Build.0 = Release|Any CPU
		{62BE2573-957A-4E41-9071-A879D0A49099}.Debug|Any CPU.ActiveCfg = Debug|Any CPU
		{62BE2573-957A-4E41-9071-A879D0A49099}.Debug|Any CPU.Build.0 = Debug|Any CPU
		{62BE2573-957A-4E41-9071-A879D0A49099}.Release|Any CPU.ActiveCfg = Release|Any CPU
		{62BE2573-957A-4E41-9071-A879D0A49099}.Release|Any CPU.Build.0 = Release|Any CPU
	EndGlobalSection
	GlobalSection(SolutionProperties) = preSolution
		HideSolutionNode = FALSE
	EndGlobalSection
	GlobalSection(NestedProjects) = preSolution
		{2DC8D6FF-3E7C-43D5-89F0-A412997DB0C8} = {02EA681E-C7D8-13C7-8484-4AC65E1B71E8}
		{C4911189-631F-4662-A996-E08D994608A9} = {02EA681E-C7D8-13C7-8484-4AC65E1B71E8}
		{6BA5DA9D-AD58-45FA-AFFA-397F70D920FC} = {02EA681E-C7D8-13C7-8484-4AC65E1B71E8}
		{99A6A28D-D4D0-41FA-A945-5D0C7D742674} = {CB4B3B6C-7D1C-4A58-8832-CB9A2792563D}
		{E0FC3D1B-EAC3-4DF0-A070-B773DCFD512A} = {CB4B3B6C-7D1C-4A58-8832-CB9A2792563D}
		{8AFF721D-776F-4B0E-8B1B-8653434240BD} = {CB4B3B6C-7D1C-4A58-8832-CB9A2792563D}
		{5413ABD5-3304-4242-9205-752DA9A99B17} = {98FC479E-EBB7-4F13-AB5E-05D5409A6263}
		{C306C227-4692-4C57-B6C8-3AC98B805F8B} = {98FC479E-EBB7-4F13-AB5E-05D5409A6263}
		{96D84A1C-8BE1-4C8E-B54A-A249AF52F782} = {98FC479E-EBB7-4F13-AB5E-05D5409A6263}
		{DFE290C6-7D67-41F5-A5A1-89C5562F7385} = {BED90389-CB29-4850-B0C9-0155B91D7C47}
		{D9AA0DE9-E246-4EFD-8365-8F16E612EE5B} = {BED90389-CB29-4850-B0C9-0155B91D7C47}
		{8B36BC00-60C8-4E4E-8CF3-F2C8E643E01A} = {BED90389-CB29-4850-B0C9-0155B91D7C47}
		{10D3F470-D2A7-4660-9964-F4BBD1A4697C} = {C6AFF508-A296-4AE3-AB0F-CDBD13E0269E}
		{FDAE4E2F-A295-4E2D-9378-3FD7AB4ADE42} = {C6AFF508-A296-4AE3-AB0F-CDBD13E0269E}
		{4B944B7B-6016-45C6-A977-DDEB23BC4612} = {C6AFF508-A296-4AE3-AB0F-CDBD13E0269E}
		{6F098EA1-06B2-43B9-89D7-B7E31DBBDAF7} = {D3D0C8A9-6286-4F09-BC13-38516575166C}
		{6ACA281E-7A83-40D2-8BA2-C7F110E12266} = {D3D0C8A9-6286-4F09-BC13-38516575166C}
		{80608E72-3B79-4C07-9F59-F12397F36FE4} = {D3D0C8A9-6286-4F09-BC13-38516575166C}
		{57839331-1FA3-48AF-998D-1CA50038CE28} = {934BC639-629D-4A3F-BAAC-DE30800CEBC6}
		{EDA0BFA3-DEF9-479F-A10D-F381C0398A7A} = {934BC639-629D-4A3F-BAAC-DE30800CEBC6}
		{62BE2573-957A-4E41-9071-A879D0A49099} = {934BC639-629D-4A3F-BAAC-DE30800CEBC6}
	EndGlobalSection
	GlobalSection(ExtensibilityGlobals) = postSolution
		SolutionGuid = {AD6858D0-2F16-4FBD-8FC0-AE72622FB2F0}
	EndGlobalSection
EndGlobal
